
Microsoft Visual Studio Solution File, Format Version 12.00
# Visual Studio 15
VisualStudioVersion = 15.0.28307.1062
MinimumVisualStudioVersion = 10.0.40219.1
Project("{8BC9CEB8-8B4A-11D0-8D11-00A0C91BC942}") = "Tetris", "Tetris.vcxproj", "{865CBBD8-7C2B-4F98-80CE-765057226872}"
EndProject
Global
	GlobalSection(SolutionConfigurationPlatforms) = preSolution
		Debug|x64 = Debug|x64
		Debug|x86 = Debug|x86
		Release|x64 = Release|x64
		Release|x86 = Release|x86
	EndGlobalSection
	GlobalSection(ProjectConfigurationPlatforms) = postSolution
		{865CBBD8-7C2B-4F98-80CE-765057226872}.Debug|x64.ActiveCfg = Debug|x64
		{865CBBD8-7C2B-4F98-80CE-765057226872}.Debug|x64.Build.0 = Debug|x64
		{865CBBD8-7C2B-4F98-80CE-765057226872}.Debug|x86.ActiveCfg = Debug|Win32
		{865CBBD8-7C2B-4F98-80CE-765057226872}.Debug|x86.Build.0 = Debug|Win32
		{865CBBD8-7C2B-4F98-80CE-765057226872}.Release|x64.ActiveCfg = Release|x64
		{865CBBD8-7C2B-4F98-80CE-765057226872}.Release|x64.Build.0 = Release|x64
		{865CBBD8-7C2B-4F98-80CE-765057226872}.Release|x86.ActiveCfg = Release|Win32
		{865CBBD8-7C2B-4F98-80CE-765057226872}.Release|x86.Build.0 = Release|Win32
	EndGlobalSection
	GlobalSection(SolutionProperties) = preSolution
		HideSolutionNode = FALSE
	EndGlobalSection
	GlobalSection(ExtensibilityGlobals) = postSolution
		SolutionGuid = {C778795B-DBCF-47C8-B946-2EC1F61BB1AC}
	EndGlobalSection
EndGlobal
